
Microsoft Visual Studio Solution File, Format Version 12.00
# Visual Studio 14
VisualStudioVersion = 14.0.25420.1
MinimumVisualStudioVersion = 10.0.40219.1
Project("{FAE04EC0-301F-11D3-BF4B-00C04F79EFBC}") = "Presenter", "BigEye\Presenter\Presenter.csproj", "{7626E1E1-E1B6-4DC5-870A-E3B59B5800F6}"
EndProject
Project("{FAE04EC0-301F-11D3-BF4B-00C04F79EFBC}") = "View", "BigEye\View\View.csproj", "{8750A7C9-72CD-410B-BD25-48D3AED684F2}"
EndProject
Project("{FAE04EC0-301F-11D3-BF4B-00C04F79EFBC}") = "TestApp", "BigEye\TestApp\TestApp.csproj", "{B77CA513-D0F2-463A-8018-2CAE1A96FBEB}"
EndProject
Project("{2150E333-8FDC-42A3-9474-1A3956D46DE8}") = "BigEye", "BigEye", "{923BA97B-46AD-4065-BC47-4BEBF6B75C3A}"
EndProject
Project("{2150E333-8FDC-42A3-9474-1A3956D46DE8}") = "Common", "Common", "{A86D323B-1FAB-40CD-82EE-CFF8741EFA6C}"
EndProject
Project("{2150E333-8FDC-42A3-9474-1A3956D46DE8}") = "MiniEye", "MiniEye", "{8DE69CFE-26FE-43EF-9BD2-C2A4A6DAD17C}"
EndProject
Project("{FAE04EC0-301F-11D3-BF4B-00C04F79EFBC}") = "MiniEye", "MiniEye\MiniEye\MiniEye.csproj", "{FBFF402A-88D1-4090-BCF5-A40E6F01A9EA}"
EndProject
Project("{FAE04EC0-301F-11D3-BF4B-00C04F79EFBC}") = "TestMiniEye", "MiniEye\TestForms\TestMiniEye.csproj", "{5627AF56-98E8-4B52-B02F-A45CAA3565F0}"
EndProject
Project("{FAE04EC0-301F-11D3-BF4B-00C04F79EFBC}") = "Settings", "Common\Settings\Settings.csproj", "{71758800-046B-441D-9392-128F5FAC4058}"
EndProject
Project("{2150E333-8FDC-42A3-9474-1A3956D46DE8}") = "Server", "Server", "{95D280AF-7706-4F32-89A6-AEACF3AE8915}"
EndProject
Project("{FAE04EC0-301F-11D3-BF4B-00C04F79EFBC}") = "Contract", "Common\Server\Contract\Contract.csproj", "{ED205E49-7380-4B84-BDC5-4DD821CFA7C4}"
EndProject
Project("{2150E333-8FDC-42A3-9474-1A3956D46DE8}") = "Milestone", "Milestone", "{060334D3-C390-4567-AB09-1687F23BBA29}"
EndProject
Project("{2150E333-8FDC-42A3-9474-1A3956D46DE8}") = "AnotherServer", "AnotherServer", "{CD5809E4-E7AE-4A0A-A1E6-54C9AD804DBB}"
EndProject
Project("{FAE04EC0-301F-11D3-BF4B-00C04F79EFBC}") = "Model", "Common\Server\Milestone\Model.csproj", "{4F902FF2-7BAA-439D-A0FA-26B748E227CA}"
EndProject
Global
	GlobalSection(SolutionConfigurationPlatforms) = preSolution
		Debug|Any CPU = Debug|Any CPU
		Debug|x64 = Debug|x64
		Debug|x86 = Debug|x86
		Release|Any CPU = Release|Any CPU
		Release|x64 = Release|x64
		Release|x86 = Release|x86
	EndGlobalSection
	GlobalSection(ProjectConfigurationPlatforms) = postSolution
		{7626E1E1-E1B6-4DC5-870A-E3B59B5800F6}.Debug|Any CPU.ActiveCfg = Debug|Any CPU
		{7626E1E1-E1B6-4DC5-870A-E3B59B5800F6}.Debug|Any CPU.Build.0 = Debug|Any CPU
		{7626E1E1-E1B6-4DC5-870A-E3B59B5800F6}.Debug|x64.ActiveCfg = Debug|x64
		{7626E1E1-E1B6-4DC5-870A-E3B59B5800F6}.Debug|x64.Build.0 = Debug|x64
		{7626E1E1-E1B6-4DC5-870A-E3B59B5800F6}.Debug|x86.ActiveCfg = Debug|x86
		{7626E1E1-E1B6-4DC5-870A-E3B59B5800F6}.Debug|x86.Build.0 = Debug|x86
		{7626E1E1-E1B6-4DC5-870A-E3B59B5800F6}.Release|Any CPU.ActiveCfg = Release|Any CPU
		{7626E1E1-E1B6-4DC5-870A-E3B59B5800F6}.Release|Any CPU.Build.0 = Release|Any CPU
		{7626E1E1-E1B6-4DC5-870A-E3B59B5800F6}.Release|x64.ActiveCfg = Release|x64
		{7626E1E1-E1B6-4DC5-870A-E3B59B5800F6}.Release|x64.Build.0 = Release|x64
		{7626E1E1-E1B6-4DC5-870A-E3B59B5800F6}.Release|x86.ActiveCfg = Release|x86
		{7626E1E1-E1B6-4DC5-870A-E3B59B5800F6}.Release|x86.Build.0 = Release|x86
		{8750A7C9-72CD-410B-BD25-48D3AED684F2}.Debug|Any CPU.ActiveCfg = Debug|Any CPU
		{8750A7C9-72CD-410B-BD25-48D3AED684F2}.Debug|Any CPU.Build.0 = Debug|Any CPU
		{8750A7C9-72CD-410B-BD25-48D3AED684F2}.Debug|x64.ActiveCfg = Debug|x64
		{8750A7C9-72CD-410B-BD25-48D3AED684F2}.Debug|x64.Build.0 = Debug|x64
		{8750A7C9-72CD-410B-BD25-48D3AED684F2}.Debug|x86.ActiveCfg = Debug|x86
		{8750A7C9-72CD-410B-BD25-48D3AED684F2}.Debug|x86.Build.0 = Debug|x86
		{8750A7C9-72CD-410B-BD25-48D3AED684F2}.Release|Any CPU.ActiveCfg = Release|Any CPU
		{8750A7C9-72CD-410B-BD25-48D3AED684F2}.Release|Any CPU.Build.0 = Release|Any CPU
		{8750A7C9-72CD-410B-BD25-48D3AED684F2}.Release|x64.ActiveCfg = Release|x64
		{8750A7C9-72CD-410B-BD25-48D3AED684F2}.Release|x64.Build.0 = Release|x64
		{8750A7C9-72CD-410B-BD25-48D3AED684F2}.Release|x86.ActiveCfg = Release|x86
		{8750A7C9-72CD-410B-BD25-48D3AED684F2}.Release|x86.Build.0 = Release|x86
		{B77CA513-D0F2-463A-8018-2CAE1A96FBEB}.Debug|Any CPU.ActiveCfg = Debug|Any CPU
		{B77CA513-D0F2-463A-8018-2CAE1A96FBEB}.Debug|Any CPU.Build.0 = Debug|Any CPU
		{B77CA513-D0F2-463A-8018-2CAE1A96FBEB}.Debug|x64.ActiveCfg = Debug|x64
		{B77CA513-D0F2-463A-8018-2CAE1A96FBEB}.Debug|x64.Build.0 = Debug|x64
		{B77CA513-D0F2-463A-8018-2CAE1A96FBEB}.Debug|x86.ActiveCfg = Debug|x86
		{B77CA513-D0F2-463A-8018-2CAE1A96FBEB}.Debug|x86.Build.0 = Debug|x86
		{B77CA513-D0F2-463A-8018-2CAE1A96FBEB}.Release|Any CPU.ActiveCfg = Release|Any CPU
		{B77CA513-D0F2-463A-8018-2CAE1A96FBEB}.Release|Any CPU.Build.0 = Release|Any CPU
		{B77CA513-D0F2-463A-8018-2CAE1A96FBEB}.Release|x64.ActiveCfg = Release|x64
		{B77CA513-D0F2-463A-8018-2CAE1A96FBEB}.Release|x64.Build.0 = Release|x64
		{B77CA513-D0F2-463A-8018-2CAE1A96FBEB}.Release|x86.ActiveCfg = Release|x86
		{B77CA513-D0F2-463A-8018-2CAE1A96FBEB}.Release|x86.Build.0 = Release|x86
		{FBFF402A-88D1-4090-BCF5-A40E6F01A9EA}.Debug|Any CPU.ActiveCfg = Debug|Any CPU
		{FBFF402A-88D1-4090-BCF5-A40E6F01A9EA}.Debug|Any CPU.Build.0 = Debug|Any CPU
		{FBFF402A-88D1-4090-BCF5-A40E6F01A9EA}.Debug|x64.ActiveCfg = Debug|x64
		{FBFF402A-88D1-4090-BCF5-A40E6F01A9EA}.Debug|x64.Build.0 = Debug|x64
		{FBFF402A-88D1-4090-BCF5-A40E6F01A9EA}.Debug|x86.ActiveCfg = Debug|x86
		{FBFF402A-88D1-4090-BCF5-A40E6F01A9EA}.Debug|x86.Build.0 = Debug|x86
		{FBFF402A-88D1-4090-BCF5-A40E6F01A9EA}.Release|Any CPU.ActiveCfg = Release|Any CPU
		{FBFF402A-88D1-4090-BCF5-A40E6F01A9EA}.Release|Any CPU.Build.0 = Release|Any CPU
		{FBFF402A-88D1-4090-BCF5-A40E6F01A9EA}.Release|x64.ActiveCfg = Release|x64
		{FBFF402A-88D1-4090-BCF5-A40E6F01A9EA}.Release|x64.Build.0 = Release|x64
		{FBFF402A-88D1-4090-BCF5-A40E6F01A9EA}.Release|x86.ActiveCfg = Release|x86
		{FBFF402A-88D1-4090-BCF5-A40E6F01A9EA}.Release|x86.Build.0 = Release|x86
		{5627AF56-98E8-4B52-B02F-A45CAA3565F0}.Debug|Any CPU.ActiveCfg = Debug|Any CPU
		{5627AF56-98E8-4B52-B02F-A45CAA3565F0}.Debug|Any CPU.Build.0 = Debug|Any CPU
		{5627AF56-98E8-4B52-B02F-A45CAA3565F0}.Debug|x64.ActiveCfg = Debug|x64
		{5627AF56-98E8-4B52-B02F-A45CAA3565F0}.Debug|x64.Build.0 = Debug|x64
		{5627AF56-98E8-4B52-B02F-A45CAA3565F0}.Debug|x86.ActiveCfg = Debug|x86
		{5627AF56-98E8-4B52-B02F-A45CAA3565F0}.Debug|x86.Build.0 = Debug|x86
		{5627AF56-98E8-4B52-B02F-A45CAA3565F0}.Release|Any CPU.ActiveCfg = Release|Any CPU
		{5627AF56-98E8-4B52-B02F-A45CAA3565F0}.Release|Any CPU.Build.0 = Release|Any CPU
		{5627AF56-98E8-4B52-B02F-A45CAA3565F0}.Release|x64.ActiveCfg = Release|x64
		{5627AF56-98E8-4B52-B02F-A45CAA3565F0}.Release|x64.Build.0 = Release|x64
		{5627AF56-98E8-4B52-B02F-A45CAA3565F0}.Release|x86.ActiveCfg = Release|x86
		{5627AF56-98E8-4B52-B02F-A45CAA3565F0}.Release|x86.Build.0 = Release|x86
		{71758800-046B-441D-9392-128F5FAC4058}.Debug|Any CPU.ActiveCfg = Debug|Any CPU
		{71758800-046B-441D-9392-128F5FAC4058}.Debug|Any CPU.Build.0 = Debug|Any CPU
		{71758800-046B-441D-9392-128F5FAC4058}.Debug|x64.ActiveCfg = Debug|x64
		{71758800-046B-441D-9392-128F5FAC4058}.Debug|x64.Build.0 = Debug|x64
		{71758800-046B-441D-9392-128F5FAC4058}.Debug|x86.ActiveCfg = Debug|x86
		{71758800-046B-441D-9392-128F5FAC4058}.Debug|x86.Build.0 = Debug|x86
		{71758800-046B-441D-9392-128F5FAC4058}.Release|Any CPU.ActiveCfg = Release|Any CPU
		{71758800-046B-441D-9392-128F5FAC4058}.Release|Any CPU.Build.0 = Release|Any CPU
		{71758800-046B-441D-9392-128F5FAC4058}.Release|x64.ActiveCfg = Release|x64
		{71758800-046B-441D-9392-128F5FAC4058}.Release|x64.Build.0 = Release|x64
		{71758800-046B-441D-9392-128F5FAC4058}.Release|x86.ActiveCfg = Release|x86
		{71758800-046B-441D-9392-128F5FAC4058}.Release|x86.Build.0 = Release|x86
		{ED205E49-7380-4B84-BDC5-4DD821CFA7C4}.Debug|Any CPU.ActiveCfg = Debug|Any CPU
		{ED205E49-7380-4B84-BDC5-4DD821CFA7C4}.Debug|Any CPU.Build.0 = Debug|Any CPU
		{ED205E49-7380-4B84-BDC5-4DD821CFA7C4}.Debug|x64.ActiveCfg = Debug|x64
		{ED205E49-7380-4B84-BDC5-4DD821CFA7C4}.Debug|x64.Build.0 = Debug|x64
		{ED205E49-7380-4B84-BDC5-4DD821CFA7C4}.Debug|x86.ActiveCfg = Debug|x86
		{ED205E49-7380-4B84-BDC5-4DD821CFA7C4}.Debug|x86.Build.0 = Debug|x86
		{ED205E49-7380-4B84-BDC5-4DD821CFA7C4}.Release|Any CPU.ActiveCfg = Release|Any CPU
		{ED205E49-7380-4B84-BDC5-4DD821CFA7C4}.Release|Any CPU.Build.0 = Release|Any CPU
		{ED205E49-7380-4B84-BDC5-4DD821CFA7C4}.Release|x64.ActiveCfg = Release|x64
		{ED205E49-7380-4B84-BDC5-4DD821CFA7C4}.Release|x64.Build.0 = Release|x64
		{ED205E49-7380-4B84-BDC5-4DD821CFA7C4}.Release|x86.ActiveCfg = Release|x86
		{ED205E49-7380-4B84-BDC5-4DD821CFA7C4}.Release|x86.Build.0 = Release|x86
		{4F902FF2-7BAA-439D-A0FA-26B748E227CA}.Debug|Any CPU.ActiveCfg = Debug|Any CPU
		{4F902FF2-7BAA-439D-A0FA-26B748E227CA}.Debug|Any CPU.Build.0 = Debug|Any CPU
		{4F902FF2-7BAA-439D-A0FA-26B748E227CA}.Debug|x64.ActiveCfg = Debug|x64
		{4F902FF2-7BAA-439D-A0FA-26B748E227CA}.Debug|x64.Build.0 = Debug|x64
		{4F902FF2-7BAA-439D-A0FA-26B748E227CA}.Debug|x86.ActiveCfg = Debug|x86
		{4F902FF2-7BAA-439D-A0FA-26B748E227CA}.Debug|x86.Build.0 = Debug|x86
		{4F902FF2-7BAA-439D-A0FA-26B748E227CA}.Release|Any CPU.ActiveCfg = Release|Any CPU
		{4F902FF2-7BAA-439D-A0FA-26B748E227CA}.Release|Any CPU.Build.0 = Release|Any CPU
		{4F902FF2-7BAA-439D-A0FA-26B748E227CA}.Release|x64.ActiveCfg = Release|x64
		{4F902FF2-7BAA-439D-A0FA-26B748E227CA}.Release|x64.Build.0 = Release|x64
		{4F902FF2-7BAA-439D-A0FA-26B748E227CA}.Release|x86.ActiveCfg = Release|x86
		{4F902FF2-7BAA-439D-A0FA-26B748E227CA}.Release|x86.Build.0 = Release|x86
	EndGlobalSection
	GlobalSection(SolutionProperties) = preSolution
		HideSolutionNode = FALSE
	EndGlobalSection
	GlobalSection(NestedProjects) = preSolution
		{7626E1E1-E1B6-4DC5-870A-E3B59B5800F6} = {923BA97B-46AD-4065-BC47-4BEBF6B75C3A}
		{8750A7C9-72CD-410B-BD25-48D3AED684F2} = {923BA97B-46AD-4065-BC47-4BEBF6B75C3A}
		{B77CA513-D0F2-463A-8018-2CAE1A96FBEB} = {923BA97B-46AD-4065-BC47-4BEBF6B75C3A}
		{FBFF402A-88D1-4090-BCF5-A40E6F01A9EA} = {8DE69CFE-26FE-43EF-9BD2-C2A4A6DAD17C}
		{5627AF56-98E8-4B52-B02F-A45CAA3565F0} = {8DE69CFE-26FE-43EF-9BD2-C2A4A6DAD17C}
		{71758800-046B-441D-9392-128F5FAC4058} = {A86D323B-1FAB-40CD-82EE-CFF8741EFA6C}
		{95D280AF-7706-4F32-89A6-AEACF3AE8915} = {A86D323B-1FAB-40CD-82EE-CFF8741EFA6C}
		{ED205E49-7380-4B84-BDC5-4DD821CFA7C4} = {95D280AF-7706-4F32-89A6-AEACF3AE8915}
		{060334D3-C390-4567-AB09-1687F23BBA29} = {95D280AF-7706-4F32-89A6-AEACF3AE8915}
		{CD5809E4-E7AE-4A0A-A1E6-54C9AD804DBB} = {95D280AF-7706-4F32-89A6-AEACF3AE8915}
		{4F902FF2-7BAA-439D-A0FA-26B748E227CA} = {060334D3-C390-4567-AB09-1687F23BBA29}
	EndGlobalSection
EndGlobal
