
Microsoft Visual Studio Solution File, Format Version 12.00
# Visual Studio 14
VisualStudioVersion = 14.0.25420.1
MinimumVisualStudioVersion = 10.0.40219.1
Project("{FAE04EC0-301F-11D3-BF4B-00C04F79EFBC}") = "Presenter", "BigEye\Presenter\Presenter.csproj", "{7626E1E1-E1B6-4DC5-870A-E3B59B5800F6}"
EndProject
Project("{FAE04EC0-301F-11D3-BF4B-00C04F79EFBC}") = "Contract", "BigEye\Contract\Contract.csproj", "{78E02F04-CD97-4E29-8DED-2AAE3E90529C}"
EndProject
Project("{FAE04EC0-301F-11D3-BF4B-00C04F79EFBC}") = "Model", "BigEye\Model\Model.csproj", "{C781E893-831E-4487-9BAE-9B7113CF1120}"
EndProject
Project("{FAE04EC0-301F-11D3-BF4B-00C04F79EFBC}") = "View", "BigEye\View\View.csproj", "{8750A7C9-72CD-410B-BD25-48D3AED684F2}"
EndProject
Project("{FAE04EC0-301F-11D3-BF4B-00C04F79EFBC}") = "TestApp", "BigEye\TestApp\TestApp.csproj", "{B77CA513-D0F2-463A-8018-2CAE1A96FBEB}"
EndProject
Project("{2150E333-8FDC-42A3-9474-1A3956D46DE8}") = "BigEye", "BigEye", "{923BA97B-46AD-4065-BC47-4BEBF6B75C3A}"
EndProject
Global
	GlobalSection(SolutionConfigurationPlatforms) = preSolution
		Debug|Any CPU = Debug|Any CPU
		Debug|x64 = Debug|x64
		Debug|x86 = Debug|x86
		Release|Any CPU = Release|Any CPU
		Release|x64 = Release|x64
		Release|x86 = Release|x86
	EndGlobalSection
	GlobalSection(ProjectConfigurationPlatforms) = postSolution
		{7626E1E1-E1B6-4DC5-870A-E3B59B5800F6}.Debug|Any CPU.ActiveCfg = Debug|x86
		{7626E1E1-E1B6-4DC5-870A-E3B59B5800F6}.Debug|Any CPU.Build.0 = Debug|x86
		{7626E1E1-E1B6-4DC5-870A-E3B59B5800F6}.Debug|x64.ActiveCfg = Debug|x64
		{7626E1E1-E1B6-4DC5-870A-E3B59B5800F6}.Debug|x64.Build.0 = Debug|x64
		{7626E1E1-E1B6-4DC5-870A-E3B59B5800F6}.Debug|x86.ActiveCfg = Debug|x86
		{7626E1E1-E1B6-4DC5-870A-E3B59B5800F6}.Debug|x86.Build.0 = Debug|x86
		{7626E1E1-E1B6-4DC5-870A-E3B59B5800F6}.Release|Any CPU.ActiveCfg = Release|Any CPU
		{7626E1E1-E1B6-4DC5-870A-E3B59B5800F6}.Release|Any CPU.Build.0 = Release|Any CPU
		{7626E1E1-E1B6-4DC5-870A-E3B59B5800F6}.Release|x64.ActiveCfg = Release|x64
		{7626E1E1-E1B6-4DC5-870A-E3B59B5800F6}.Release|x64.Build.0 = Release|x64
		{7626E1E1-E1B6-4DC5-870A-E3B59B5800F6}.Release|x86.ActiveCfg = Release|x86
		{7626E1E1-E1B6-4DC5-870A-E3B59B5800F6}.Release|x86.Build.0 = Release|x86
		{78E02F04-CD97-4E29-8DED-2AAE3E90529C}.Debug|Any CPU.ActiveCfg = Debug|Any CPU
		{78E02F04-CD97-4E29-8DED-2AAE3E90529C}.Debug|Any CPU.Build.0 = Debug|Any CPU
		{78E02F04-CD97-4E29-8DED-2AAE3E90529C}.Debug|x64.ActiveCfg = Debug|x64
		{78E02F04-CD97-4E29-8DED-2AAE3E90529C}.Debug|x64.Build.0 = Debug|x64
		{78E02F04-CD97-4E29-8DED-2AAE3E90529C}.Debug|x86.ActiveCfg = Debug|x86
		{78E02F04-CD97-4E29-8DED-2AAE3E90529C}.Debug|x86.Build.0 = Debug|x86
		{78E02F04-CD97-4E29-8DED-2AAE3E90529C}.Release|Any CPU.ActiveCfg = Release|Any CPU
		{78E02F04-CD97-4E29-8DED-2AAE3E90529C}.Release|Any CPU.Build.0 = Release|Any CPU
		{78E02F04-CD97-4E29-8DED-2AAE3E90529C}.Release|x64.ActiveCfg = Release|x64
		{78E02F04-CD97-4E29-8DED-2AAE3E90529C}.Release|x64.Build.0 = Release|x64
		{78E02F04-CD97-4E29-8DED-2AAE3E90529C}.Release|x86.ActiveCfg = Release|x86
		{78E02F04-CD97-4E29-8DED-2AAE3E90529C}.Release|x86.Build.0 = Release|x86
		{C781E893-831E-4487-9BAE-9B7113CF1120}.Debug|Any CPU.ActiveCfg = Debug|Any CPU
		{C781E893-831E-4487-9BAE-9B7113CF1120}.Debug|Any CPU.Build.0 = Debug|Any CPU
		{C781E893-831E-4487-9BAE-9B7113CF1120}.Debug|x64.ActiveCfg = Debug|x64
		{C781E893-831E-4487-9BAE-9B7113CF1120}.Debug|x64.Build.0 = Debug|x64
		{C781E893-831E-4487-9BAE-9B7113CF1120}.Debug|x86.ActiveCfg = Debug|x86
		{C781E893-831E-4487-9BAE-9B7113CF1120}.Debug|x86.Build.0 = Debug|x86
		{C781E893-831E-4487-9BAE-9B7113CF1120}.Release|Any CPU.ActiveCfg = Release|Any CPU
		{C781E893-831E-4487-9BAE-9B7113CF1120}.Release|Any CPU.Build.0 = Release|Any CPU
		{C781E893-831E-4487-9BAE-9B7113CF1120}.Release|x64.ActiveCfg = Release|x64
		{C781E893-831E-4487-9BAE-9B7113CF1120}.Release|x64.Build.0 = Release|x64
		{C781E893-831E-4487-9BAE-9B7113CF1120}.Release|x86.ActiveCfg = Release|x86
		{C781E893-831E-4487-9BAE-9B7113CF1120}.Release|x86.Build.0 = Release|x86
		{8750A7C9-72CD-410B-BD25-48D3AED684F2}.Debug|Any CPU.ActiveCfg = Debug|Any CPU
		{8750A7C9-72CD-410B-BD25-48D3AED684F2}.Debug|Any CPU.Build.0 = Debug|Any CPU
		{8750A7C9-72CD-410B-BD25-48D3AED684F2}.Debug|x64.ActiveCfg = Debug|x64
		{8750A7C9-72CD-410B-BD25-48D3AED684F2}.Debug|x64.Build.0 = Debug|x64
		{8750A7C9-72CD-410B-BD25-48D3AED684F2}.Debug|x86.ActiveCfg = Debug|x86
		{8750A7C9-72CD-410B-BD25-48D3AED684F2}.Debug|x86.Build.0 = Debug|x86
		{8750A7C9-72CD-410B-BD25-48D3AED684F2}.Release|Any CPU.ActiveCfg = Release|Any CPU
		{8750A7C9-72CD-410B-BD25-48D3AED684F2}.Release|Any CPU.Build.0 = Release|Any CPU
		{8750A7C9-72CD-410B-BD25-48D3AED684F2}.Release|x64.ActiveCfg = Release|x64
		{8750A7C9-72CD-410B-BD25-48D3AED684F2}.Release|x64.Build.0 = Release|x64
		{8750A7C9-72CD-410B-BD25-48D3AED684F2}.Release|x86.ActiveCfg = Release|x86
		{8750A7C9-72CD-410B-BD25-48D3AED684F2}.Release|x86.Build.0 = Release|x86
		{B77CA513-D0F2-463A-8018-2CAE1A96FBEB}.Debug|Any CPU.ActiveCfg = Debug|Any CPU
		{B77CA513-D0F2-463A-8018-2CAE1A96FBEB}.Debug|Any CPU.Build.0 = Debug|Any CPU
		{B77CA513-D0F2-463A-8018-2CAE1A96FBEB}.Debug|x64.ActiveCfg = Debug|x64
		{B77CA513-D0F2-463A-8018-2CAE1A96FBEB}.Debug|x64.Build.0 = Debug|x64
		{B77CA513-D0F2-463A-8018-2CAE1A96FBEB}.Debug|x86.ActiveCfg = Debug|x86
		{B77CA513-D0F2-463A-8018-2CAE1A96FBEB}.Debug|x86.Build.0 = Debug|x86
		{B77CA513-D0F2-463A-8018-2CAE1A96FBEB}.Release|Any CPU.ActiveCfg = Release|Any CPU
		{B77CA513-D0F2-463A-8018-2CAE1A96FBEB}.Release|Any CPU.Build.0 = Release|Any CPU
		{B77CA513-D0F2-463A-8018-2CAE1A96FBEB}.Release|x64.ActiveCfg = Release|x64
		{B77CA513-D0F2-463A-8018-2CAE1A96FBEB}.Release|x64.Build.0 = Release|x64
		{B77CA513-D0F2-463A-8018-2CAE1A96FBEB}.Release|x86.ActiveCfg = Release|x86
		{B77CA513-D0F2-463A-8018-2CAE1A96FBEB}.Release|x86.Build.0 = Release|x86
	EndGlobalSection
	GlobalSection(SolutionProperties) = preSolution
		HideSolutionNode = FALSE
	EndGlobalSection
	GlobalSection(NestedProjects) = preSolution
		{7626E1E1-E1B6-4DC5-870A-E3B59B5800F6} = {923BA97B-46AD-4065-BC47-4BEBF6B75C3A}
		{78E02F04-CD97-4E29-8DED-2AAE3E90529C} = {923BA97B-46AD-4065-BC47-4BEBF6B75C3A}
		{C781E893-831E-4487-9BAE-9B7113CF1120} = {923BA97B-46AD-4065-BC47-4BEBF6B75C3A}
		{8750A7C9-72CD-410B-BD25-48D3AED684F2} = {923BA97B-46AD-4065-BC47-4BEBF6B75C3A}
		{B77CA513-D0F2-463A-8018-2CAE1A96FBEB} = {923BA97B-46AD-4065-BC47-4BEBF6B75C3A}
	EndGlobalSection
EndGlobal
